// !$*UTF8*$!
{
	archiveVersion = 1;
	classes = {
	};
	objectVersion = 55;
	objects = {

/* Begin PBXBuildFile section */
		0E104BE72736D66B007B1FA2 /* MergeRequest.swift in Sources */ = {isa = PBXBuildFile; fileRef = 0E104BE62736D66B007B1FA2 /* MergeRequest.swift */; };
		0E104BE92736D95F007B1FA2 /* Author.swift in Sources */ = {isa = PBXBuildFile; fileRef = 0E104BE82736D95F007B1FA2 /* Author.swift */; };
		0E104BEF2736E18E007B1FA2 /* MergeRequestTests.swift in Sources */ = {isa = PBXBuildFile; fileRef = 0E104BEE2736E18E007B1FA2 /* MergeRequestTests.swift */; };
		0E104BF22736EB82007B1FA2 /* DateFormatter.swift in Sources */ = {isa = PBXBuildFile; fileRef = 0E104BF12736EB82007B1FA2 /* DateFormatter.swift */; };
		0E104C3927371511007B1FA2 /* Fixture.swift in Sources */ = {isa = PBXBuildFile; fileRef = 0E104C2D27371075007B1FA2 /* Fixture.swift */; };
		0E104C3A27371511007B1FA2 /* MergeRequest+examples.swift in Sources */ = {isa = PBXBuildFile; fileRef = 0E104C2B27370EF7007B1FA2 /* MergeRequest+examples.swift */; };
		0E104C3C27371547007B1FA2 /* merge_requests.json in Resources */ = {isa = PBXBuildFile; fileRef = 0E104BEC2736DF9A007B1FA2 /* merge_requests.json */; };
		0E104C3F2737177C007B1FA2 /* JSONDecoder+default.swift in Sources */ = {isa = PBXBuildFile; fileRef = 0E104C3E2737177C007B1FA2 /* JSONDecoder+default.swift */; };
		0E104C4327371A5A007B1FA2 /* project.json in Resources */ = {isa = PBXBuildFile; fileRef = 0E104C4227371A5A007B1FA2 /* project.json */; };
		0E104C4527371A77007B1FA2 /* ProjectTests.swift in Sources */ = {isa = PBXBuildFile; fileRef = 0E104C4427371A77007B1FA2 /* ProjectTests.swift */; };
		0E104C4727371A97007B1FA2 /* Project.swift in Sources */ = {isa = PBXBuildFile; fileRef = 0E104C4627371A97007B1FA2 /* Project.swift */; };
		0E104C4927371B05007B1FA2 /* Project+example.swift in Sources */ = {isa = PBXBuildFile; fileRef = 0E104C4827371B05007B1FA2 /* Project+example.swift */; };
		0E104C4B27371DAE007B1FA2 /* approvals.json in Resources */ = {isa = PBXBuildFile; fileRef = 0E104C4A27371DAE007B1FA2 /* approvals.json */; };
		0E104C4D27371DC8007B1FA2 /* Approvals.swift in Sources */ = {isa = PBXBuildFile; fileRef = 0E104C4C27371DC8007B1FA2 /* Approvals.swift */; };
		0E104C4F27371ECF007B1FA2 /* ApprovalsTests.swift in Sources */ = {isa = PBXBuildFile; fileRef = 0E104C4E27371ECF007B1FA2 /* ApprovalsTests.swift */; };
		0E104C53273725B7007B1FA2 /* MergeRequestList.swift in Sources */ = {isa = PBXBuildFile; fileRef = 0E104C52273725B7007B1FA2 /* MergeRequestList.swift */; };
		0E104C562737D7D6007B1FA2 /* Comments.swift in Sources */ = {isa = PBXBuildFile; fileRef = 0E104C552737D7D6007B1FA2 /* Comments.swift */; };
		0E104C582737D80D007B1FA2 /* MergeRequestRow.swift in Sources */ = {isa = PBXBuildFile; fileRef = 0E104C572737D80D007B1FA2 /* MergeRequestRow.swift */; };
		0E104C5A2737DAE6007B1FA2 /* InfoView.swift in Sources */ = {isa = PBXBuildFile; fileRef = 0E104C592737DAE6007B1FA2 /* InfoView.swift */; };
		0E104C5C2737F1E8007B1FA2 /* ViewModel.swift in Sources */ = {isa = PBXBuildFile; fileRef = 0E104C5B2737F1E8007B1FA2 /* ViewModel.swift */; };
		0E104C5E27381B86007B1FA2 /* DataStore.swift in Sources */ = {isa = PBXBuildFile; fileRef = 0E104C5D27381B86007B1FA2 /* DataStore.swift */; };
		0E3E254B2739B5F00095D70E /* ApprovalsView.swift in Sources */ = {isa = PBXBuildFile; fileRef = 0E3E254A2739B5F00095D70E /* ApprovalsView.swift */; };
		0E3E254D2739B6100095D70E /* MergeErrorView.swift in Sources */ = {isa = PBXBuildFile; fileRef = 0E3E254C2739B6100095D70E /* MergeErrorView.swift */; };
		0E7A60882736C681000AE39E /* SettingsView.swift in Sources */ = {isa = PBXBuildFile; fileRef = 0E7A60872736C681000AE39E /* SettingsView.swift */; };
		0ED018122735AD3D00072589 /* MergicianApp.swift in Sources */ = {isa = PBXBuildFile; fileRef = 0ED018112735AD3D00072589 /* MergicianApp.swift */; };
		0ED018162735AD3D00072589 /* Assets.xcassets in Resources */ = {isa = PBXBuildFile; fileRef = 0ED018152735AD3D00072589 /* Assets.xcassets */; };
		0ED018402735B13D00072589 /* GitLabAPI in Frameworks */ = {isa = PBXBuildFile; productRef = 0ED0183F2735B13D00072589 /* GitLabAPI */; };
/* End PBXBuildFile section */

/* Begin PBXContainerItemProxy section */
		0ED018202735AD3D00072589 /* PBXContainerItemProxy */ = {
			isa = PBXContainerItemProxy;
			containerPortal = 0ED018062735AD3D00072589 /* Project object */;
			proxyType = 1;
			remoteGlobalIDString = 0ED0180D2735AD3D00072589;
			remoteInfo = Mergician;
		};
/* End PBXContainerItemProxy section */

/* Begin PBXFileReference section */
		0E104BE62736D66B007B1FA2 /* MergeRequest.swift */ = {isa = PBXFileReference; lastKnownFileType = sourcecode.swift; path = MergeRequest.swift; sourceTree = "<group>"; };
		0E104BE82736D95F007B1FA2 /* Author.swift */ = {isa = PBXFileReference; lastKnownFileType = sourcecode.swift; path = Author.swift; sourceTree = "<group>"; };
		0E104BEC2736DF9A007B1FA2 /* merge_requests.json */ = {isa = PBXFileReference; fileEncoding = 4; lastKnownFileType = text.json; path = merge_requests.json; sourceTree = "<group>"; };
		0E104BEE2736E18E007B1FA2 /* MergeRequestTests.swift */ = {isa = PBXFileReference; lastKnownFileType = sourcecode.swift; path = MergeRequestTests.swift; sourceTree = "<group>"; };
		0E104BF12736EB82007B1FA2 /* DateFormatter.swift */ = {isa = PBXFileReference; lastKnownFileType = sourcecode.swift; path = DateFormatter.swift; sourceTree = "<group>"; };
		0E104C2B27370EF7007B1FA2 /* MergeRequest+examples.swift */ = {isa = PBXFileReference; lastKnownFileType = sourcecode.swift; path = "MergeRequest+examples.swift"; sourceTree = "<group>"; };
		0E104C2D27371075007B1FA2 /* Fixture.swift */ = {isa = PBXFileReference; lastKnownFileType = sourcecode.swift; path = Fixture.swift; sourceTree = "<group>"; };
		0E104C3E2737177C007B1FA2 /* JSONDecoder+default.swift */ = {isa = PBXFileReference; lastKnownFileType = sourcecode.swift; path = "JSONDecoder+default.swift"; sourceTree = "<group>"; };
		0E104C4227371A5A007B1FA2 /* project.json */ = {isa = PBXFileReference; fileEncoding = 4; lastKnownFileType = text.json; path = project.json; sourceTree = "<group>"; };
		0E104C4427371A77007B1FA2 /* ProjectTests.swift */ = {isa = PBXFileReference; lastKnownFileType = sourcecode.swift; path = ProjectTests.swift; sourceTree = "<group>"; };
		0E104C4627371A97007B1FA2 /* Project.swift */ = {isa = PBXFileReference; lastKnownFileType = sourcecode.swift; path = Project.swift; sourceTree = "<group>"; };
		0E104C4827371B05007B1FA2 /* Project+example.swift */ = {isa = PBXFileReference; lastKnownFileType = sourcecode.swift; path = "Project+example.swift"; sourceTree = "<group>"; };
		0E104C4A27371DAE007B1FA2 /* approvals.json */ = {isa = PBXFileReference; fileEncoding = 4; lastKnownFileType = text.json; path = approvals.json; sourceTree = "<group>"; };
		0E104C4C27371DC8007B1FA2 /* Approvals.swift */ = {isa = PBXFileReference; lastKnownFileType = sourcecode.swift; path = Approvals.swift; sourceTree = "<group>"; };
		0E104C4E27371ECF007B1FA2 /* ApprovalsTests.swift */ = {isa = PBXFileReference; lastKnownFileType = sourcecode.swift; path = ApprovalsTests.swift; sourceTree = "<group>"; };
		0E104C52273725B7007B1FA2 /* MergeRequestList.swift */ = {isa = PBXFileReference; lastKnownFileType = sourcecode.swift; path = MergeRequestList.swift; sourceTree = "<group>"; };
		0E104C552737D7D6007B1FA2 /* Comments.swift */ = {isa = PBXFileReference; lastKnownFileType = sourcecode.swift; path = Comments.swift; sourceTree = "<group>"; };
		0E104C572737D80D007B1FA2 /* MergeRequestRow.swift */ = {isa = PBXFileReference; lastKnownFileType = sourcecode.swift; path = MergeRequestRow.swift; sourceTree = "<group>"; };
		0E104C592737DAE6007B1FA2 /* InfoView.swift */ = {isa = PBXFileReference; lastKnownFileType = sourcecode.swift; path = InfoView.swift; sourceTree = "<group>"; };
		0E104C5B2737F1E8007B1FA2 /* ViewModel.swift */ = {isa = PBXFileReference; lastKnownFileType = sourcecode.swift; path = ViewModel.swift; sourceTree = "<group>"; };
		0E104C5D27381B86007B1FA2 /* DataStore.swift */ = {isa = PBXFileReference; lastKnownFileType = sourcecode.swift; path = DataStore.swift; sourceTree = "<group>"; };
		0E3E254A2739B5F00095D70E /* ApprovalsView.swift */ = {isa = PBXFileReference; lastKnownFileType = sourcecode.swift; path = ApprovalsView.swift; sourceTree = "<group>"; };
		0E3E254C2739B6100095D70E /* MergeErrorView.swift */ = {isa = PBXFileReference; lastKnownFileType = sourcecode.swift; path = MergeErrorView.swift; sourceTree = "<group>"; };
		0E7A60872736C681000AE39E /* SettingsView.swift */ = {isa = PBXFileReference; lastKnownFileType = sourcecode.swift; path = SettingsView.swift; sourceTree = "<group>"; };
		0ED0180E2735AD3D00072589 /* Mergician.app */ = {isa = PBXFileReference; explicitFileType = wrapper.application; includeInIndex = 0; path = Mergician.app; sourceTree = BUILT_PRODUCTS_DIR; };
		0ED018112735AD3D00072589 /* MergicianApp.swift */ = {isa = PBXFileReference; lastKnownFileType = sourcecode.swift; path = MergicianApp.swift; sourceTree = "<group>"; };
		0ED018152735AD3D00072589 /* Assets.xcassets */ = {isa = PBXFileReference; lastKnownFileType = folder.assetcatalog; path = Assets.xcassets; sourceTree = "<group>"; };
		0ED0181A2735AD3D00072589 /* Mergician.entitlements */ = {isa = PBXFileReference; lastKnownFileType = text.plist.entitlements; path = Mergician.entitlements; sourceTree = "<group>"; };
		0ED0181F2735AD3D00072589 /* MergicianTests.xctest */ = {isa = PBXFileReference; explicitFileType = wrapper.cfbundle; includeInIndex = 0; path = MergicianTests.xctest; sourceTree = BUILT_PRODUCTS_DIR; };
		0ED0183D2735B0F900072589 /* GitLabAPI */ = {isa = PBXFileReference; lastKnownFileType = folder; path = GitLabAPI; sourceTree = "<group>"; };
/* End PBXFileReference section */

/* Begin PBXFrameworksBuildPhase section */
		0ED0180B2735AD3D00072589 /* Frameworks */ = {
			isa = PBXFrameworksBuildPhase;
			buildActionMask = 2147483647;
			files = (
				0ED018402735B13D00072589 /* GitLabAPI in Frameworks */,
			);
			runOnlyForDeploymentPostprocessing = 0;
		};
		0ED0181C2735AD3D00072589 /* Frameworks */ = {
			isa = PBXFrameworksBuildPhase;
			buildActionMask = 2147483647;
			files = (
			);
			runOnlyForDeploymentPostprocessing = 0;
		};
/* End PBXFrameworksBuildPhase section */

/* Begin PBXGroup section */
		0E104BE52736D659007B1FA2 /* MergeRequests */ = {
			isa = PBXGroup;
			children = (
				0E104C542737D7CD007B1FA2 /* Views */,
				0E104C40273719C7007B1FA2 /* Models */,
				0E104C5D27381B86007B1FA2 /* DataStore.swift */,
			);
			path = MergeRequests;
			sourceTree = "<group>";
		};
		0E104BEA2736DF86007B1FA2 /* MergeRequests */ = {
			isa = PBXGroup;
			children = (
				0E104C4127371A1B007B1FA2 /* Models */,
			);
			path = MergeRequests;
			sourceTree = "<group>";
		};
		0E104BF02736EB69007B1FA2 /* Extensions */ = {
			isa = PBXGroup;
			children = (
				0E104BF12736EB82007B1FA2 /* DateFormatter.swift */,
				0E104C3E2737177C007B1FA2 /* JSONDecoder+default.swift */,
			);
			path = Extensions;
			sourceTree = "<group>";
		};
		0E104BF327370E13007B1FA2 /* Development */ = {
			isa = PBXGroup;
			children = (
				0E104C3D273715A8007B1FA2 /* Fixtures */,
				0E104C2B27370EF7007B1FA2 /* MergeRequest+examples.swift */,
				0E104C4827371B05007B1FA2 /* Project+example.swift */,
			);
			path = Development;
			sourceTree = "<group>";
		};
		0E104C3D273715A8007B1FA2 /* Fixtures */ = {
			isa = PBXGroup;
			children = (
				0E104C2D27371075007B1FA2 /* Fixture.swift */,
				0E104C4A27371DAE007B1FA2 /* approvals.json */,
				0E104BEC2736DF9A007B1FA2 /* merge_requests.json */,
				0E104C4227371A5A007B1FA2 /* project.json */,
			);
			path = Fixtures;
			sourceTree = "<group>";
		};
		0E104C40273719C7007B1FA2 /* Models */ = {
			isa = PBXGroup;
			children = (
				0E104C4C27371DC8007B1FA2 /* Approvals.swift */,
				0E104BE82736D95F007B1FA2 /* Author.swift */,
				0E104BE62736D66B007B1FA2 /* MergeRequest.swift */,
				0E104C4627371A97007B1FA2 /* Project.swift */,
				0E104C5B2737F1E8007B1FA2 /* ViewModel.swift */,
			);
			path = Models;
			sourceTree = "<group>";
		};
		0E104C4127371A1B007B1FA2 /* Models */ = {
			isa = PBXGroup;
			children = (
				0E104C4E27371ECF007B1FA2 /* ApprovalsTests.swift */,
				0E104BEE2736E18E007B1FA2 /* MergeRequestTests.swift */,
				0E104C4427371A77007B1FA2 /* ProjectTests.swift */,
			);
			path = Models;
			sourceTree = "<group>";
		};
		0E104C542737D7CD007B1FA2 /* Views */ = {
			isa = PBXGroup;
			children = (
				0E104C52273725B7007B1FA2 /* MergeRequestList.swift */,
				0E104C572737D80D007B1FA2 /* MergeRequestRow.swift */,
				0E104C592737DAE6007B1FA2 /* InfoView.swift */,
				0E104C552737D7D6007B1FA2 /* Comments.swift */,
				0E3E254A2739B5F00095D70E /* ApprovalsView.swift */,
				0E3E254C2739B6100095D70E /* MergeErrorView.swift */,
			);
			path = Views;
			sourceTree = "<group>";
		};
		0E7A60862736C66A000AE39E /* Settings */ = {
			isa = PBXGroup;
			children = (
				0E7A60872736C681000AE39E /* SettingsView.swift */,
			);
			path = Settings;
			sourceTree = "<group>";
		};
		0ED018052735AD3D00072589 = {
			isa = PBXGroup;
			children = (
				0ED0183D2735B0F900072589 /* GitLabAPI */,
				0ED018102735AD3D00072589 /* Mergician */,
				0ED018222735AD3D00072589 /* MergicianTests */,
				0ED0180F2735AD3D00072589 /* Products */,
				0ED0183E2735B13D00072589 /* Frameworks */,
			);
			sourceTree = "<group>";
		};
		0ED0180F2735AD3D00072589 /* Products */ = {
			isa = PBXGroup;
			children = (
				0ED0180E2735AD3D00072589 /* Mergician.app */,
				0ED0181F2735AD3D00072589 /* MergicianTests.xctest */,
			);
			name = Products;
			sourceTree = "<group>";
		};
		0ED018102735AD3D00072589 /* Mergician */ = {
			isa = PBXGroup;
			children = (
				0E104BE52736D659007B1FA2 /* MergeRequests */,
				0E7A60862736C66A000AE39E /* Settings */,
				0E104BF02736EB69007B1FA2 /* Extensions */,
				0ED0183C2735ADD200072589 /* App */,
				0E104BF327370E13007B1FA2 /* Development */,
			);
			path = Mergician;
			sourceTree = "<group>";
		};
		0ED018222735AD3D00072589 /* MergicianTests */ = {
			isa = PBXGroup;
			children = (
				0E104BEA2736DF86007B1FA2 /* MergeRequests */,
			);
			path = MergicianTests;
			sourceTree = "<group>";
		};
		0ED0183C2735ADD200072589 /* App */ = {
			isa = PBXGroup;
			children = (
				0ED018112735AD3D00072589 /* MergicianApp.swift */,
				0ED018152735AD3D00072589 /* Assets.xcassets */,
				0ED0181A2735AD3D00072589 /* Mergician.entitlements */,
			);
			path = App;
			sourceTree = "<group>";
		};
		0ED0183E2735B13D00072589 /* Frameworks */ = {
			isa = PBXGroup;
			children = (
			);
			name = Frameworks;
			sourceTree = "<group>";
		};
/* End PBXGroup section */

/* Begin PBXNativeTarget section */
		0ED0180D2735AD3D00072589 /* Mergician */ = {
			isa = PBXNativeTarget;
			buildConfigurationList = 0ED018332735AD3D00072589 /* Build configuration list for PBXNativeTarget "Mergician" */;
			buildPhases = (
				0E7A60852736B0B9000AE39E /* SwiftLint */,
				0ED0180A2735AD3D00072589 /* Sources */,
				0ED0180B2735AD3D00072589 /* Frameworks */,
				0ED0180C2735AD3D00072589 /* Resources */,
			);
			buildRules = (
			);
			dependencies = (
			);
			name = Mergician;
			packageProductDependencies = (
				0ED0183F2735B13D00072589 /* GitLabAPI */,
			);
			productName = Mergician;
			productReference = 0ED0180E2735AD3D00072589 /* Mergician.app */;
			productType = "com.apple.product-type.application";
		};
		0ED0181E2735AD3D00072589 /* MergicianTests */ = {
			isa = PBXNativeTarget;
			buildConfigurationList = 0ED018362735AD3D00072589 /* Build configuration list for PBXNativeTarget "MergicianTests" */;
			buildPhases = (
				0ED0181B2735AD3D00072589 /* Sources */,
				0ED0181C2735AD3D00072589 /* Frameworks */,
				0ED0181D2735AD3D00072589 /* Resources */,
			);
			buildRules = (
			);
			dependencies = (
				0ED018212735AD3D00072589 /* PBXTargetDependency */,
			);
			name = MergicianTests;
			productName = MergicianTests;
			productReference = 0ED0181F2735AD3D00072589 /* MergicianTests.xctest */;
			productType = "com.apple.product-type.bundle.unit-test";
		};
/* End PBXNativeTarget section */

/* Begin PBXProject section */
		0ED018062735AD3D00072589 /* Project object */ = {
			isa = PBXProject;
			attributes = {
				BuildIndependentTargetsInParallel = 1;
				LastSwiftUpdateCheck = 1310;
				LastUpgradeCheck = 1320;
				TargetAttributes = {
					0ED0180D2735AD3D00072589 = {
						CreatedOnToolsVersion = 13.1;
					};
					0ED0181E2735AD3D00072589 = {
						CreatedOnToolsVersion = 13.1;
						TestTargetID = 0ED0180D2735AD3D00072589;
					};
				};
			};
			buildConfigurationList = 0ED018092735AD3D00072589 /* Build configuration list for PBXProject "Mergician" */;
			compatibilityVersion = "Xcode 13.0";
			developmentRegion = en;
			hasScannedForEncodings = 0;
			knownRegions = (
				en,
				Base,
			);
			mainGroup = 0ED018052735AD3D00072589;
			productRefGroup = 0ED0180F2735AD3D00072589 /* Products */;
			projectDirPath = "";
			projectRoot = "";
			targets = (
				0ED0180D2735AD3D00072589 /* Mergician */,
				0ED0181E2735AD3D00072589 /* MergicianTests */,
			);
		};
/* End PBXProject section */

/* Begin PBXResourcesBuildPhase section */
		0ED0180C2735AD3D00072589 /* Resources */ = {
			isa = PBXResourcesBuildPhase;
			buildActionMask = 2147483647;
			files = (
				0E104C4327371A5A007B1FA2 /* project.json in Resources */,
				0E104C3C27371547007B1FA2 /* merge_requests.json in Resources */,
				0E104C4B27371DAE007B1FA2 /* approvals.json in Resources */,
				0ED018162735AD3D00072589 /* Assets.xcassets in Resources */,
			);
			runOnlyForDeploymentPostprocessing = 0;
		};
		0ED0181D2735AD3D00072589 /* Resources */ = {
			isa = PBXResourcesBuildPhase;
			buildActionMask = 2147483647;
			files = (
			);
			runOnlyForDeploymentPostprocessing = 0;
		};
/* End PBXResourcesBuildPhase section */

/* Begin PBXShellScriptBuildPhase section */
		0E7A60852736B0B9000AE39E /* SwiftLint */ = {
			isa = PBXShellScriptBuildPhase;
			buildActionMask = 2147483647;
			files = (
			);
			inputFileListPaths = (
			);
			inputPaths = (
			);
			name = SwiftLint;
			outputFileListPaths = (
			);
			outputPaths = (
			);
			runOnlyForDeploymentPostprocessing = 0;
			shellPath = /bin/sh;
			shellScript = "if which swiftlint >/dev/null; then\n  swiftlint\nfi\n";
		};
/* End PBXShellScriptBuildPhase section */

/* Begin PBXSourcesBuildPhase section */
		0ED0180A2735AD3D00072589 /* Sources */ = {
			isa = PBXSourcesBuildPhase;
			buildActionMask = 2147483647;
			files = (
				0E104C4D27371DC8007B1FA2 /* Approvals.swift in Sources */,
				0E104C3A27371511007B1FA2 /* MergeRequest+examples.swift in Sources */,
				0ED018122735AD3D00072589 /* MergicianApp.swift in Sources */,
				0E104BF22736EB82007B1FA2 /* DateFormatter.swift in Sources */,
				0E104C5E27381B86007B1FA2 /* DataStore.swift in Sources */,
				0E104BE72736D66B007B1FA2 /* MergeRequest.swift in Sources */,
				0E104C562737D7D6007B1FA2 /* Comments.swift in Sources */,
				0E104C53273725B7007B1FA2 /* MergeRequestList.swift in Sources */,
				0E104C5A2737DAE6007B1FA2 /* InfoView.swift in Sources */,
				0E104C3F2737177C007B1FA2 /* JSONDecoder+default.swift in Sources */,
				0E104C582737D80D007B1FA2 /* MergeRequestRow.swift in Sources */,
				0E104BE92736D95F007B1FA2 /* Author.swift in Sources */,
				0E104C5C2737F1E8007B1FA2 /* ViewModel.swift in Sources */,
				0E3E254B2739B5F00095D70E /* ApprovalsView.swift in Sources */,
				0E104C4927371B05007B1FA2 /* Project+example.swift in Sources */,
				0E7A60882736C681000AE39E /* SettingsView.swift in Sources */,
				0E104C3927371511007B1FA2 /* Fixture.swift in Sources */,
				0E3E254D2739B6100095D70E /* MergeErrorView.swift in Sources */,
				0E104C4727371A97007B1FA2 /* Project.swift in Sources */,
			);
			runOnlyForDeploymentPostprocessing = 0;
		};
		0ED0181B2735AD3D00072589 /* Sources */ = {
			isa = PBXSourcesBuildPhase;
			buildActionMask = 2147483647;
			files = (
				0E104BEF2736E18E007B1FA2 /* MergeRequestTests.swift in Sources */,
				0E104C4F27371ECF007B1FA2 /* ApprovalsTests.swift in Sources */,
				0E104C4527371A77007B1FA2 /* ProjectTests.swift in Sources */,
			);
			runOnlyForDeploymentPostprocessing = 0;
		};
/* End PBXSourcesBuildPhase section */

/* Begin PBXTargetDependency section */
		0ED018212735AD3D00072589 /* PBXTargetDependency */ = {
			isa = PBXTargetDependency;
			target = 0ED0180D2735AD3D00072589 /* Mergician */;
			targetProxy = 0ED018202735AD3D00072589 /* PBXContainerItemProxy */;
		};
/* End PBXTargetDependency section */

/* Begin XCBuildConfiguration section */
		0ED018312735AD3D00072589 /* Debug */ = {
			isa = XCBuildConfiguration;
			buildSettings = {
				ALWAYS_SEARCH_USER_PATHS = NO;
				CLANG_ANALYZER_NONNULL = YES;
				CLANG_ANALYZER_NUMBER_OBJECT_CONVERSION = YES_AGGRESSIVE;
				CLANG_CXX_LANGUAGE_STANDARD = "gnu++17";
				CLANG_CXX_LIBRARY = "libc++";
				CLANG_ENABLE_MODULES = YES;
				CLANG_ENABLE_OBJC_ARC = YES;
				CLANG_ENABLE_OBJC_WEAK = YES;
				CLANG_WARN_BLOCK_CAPTURE_AUTORELEASING = YES;
				CLANG_WARN_BOOL_CONVERSION = YES;
				CLANG_WARN_COMMA = YES;
				CLANG_WARN_CONSTANT_CONVERSION = YES;
				CLANG_WARN_DEPRECATED_OBJC_IMPLEMENTATIONS = YES;
				CLANG_WARN_DIRECT_OBJC_ISA_USAGE = YES_ERROR;
				CLANG_WARN_DOCUMENTATION_COMMENTS = YES;
				CLANG_WARN_EMPTY_BODY = YES;
				CLANG_WARN_ENUM_CONVERSION = YES;
				CLANG_WARN_INFINITE_RECURSION = YES;
				CLANG_WARN_INT_CONVERSION = YES;
				CLANG_WARN_NON_LITERAL_NULL_CONVERSION = YES;
				CLANG_WARN_OBJC_IMPLICIT_RETAIN_SELF = YES;
				CLANG_WARN_OBJC_LITERAL_CONVERSION = YES;
				CLANG_WARN_OBJC_ROOT_CLASS = YES_ERROR;
				CLANG_WARN_QUOTED_INCLUDE_IN_FRAMEWORK_HEADER = YES;
				CLANG_WARN_RANGE_LOOP_ANALYSIS = YES;
				CLANG_WARN_STRICT_PROTOTYPES = YES;
				CLANG_WARN_SUSPICIOUS_MOVE = YES;
				CLANG_WARN_UNGUARDED_AVAILABILITY = YES_AGGRESSIVE;
				CLANG_WARN_UNREACHABLE_CODE = YES;
				CLANG_WARN__DUPLICATE_METHOD_MATCH = YES;
				COPY_PHASE_STRIP = NO;
				DEBUG_INFORMATION_FORMAT = dwarf;
				ENABLE_STRICT_OBJC_MSGSEND = YES;
				ENABLE_TESTABILITY = YES;
				GCC_C_LANGUAGE_STANDARD = gnu11;
				GCC_DYNAMIC_NO_PIC = NO;
				GCC_NO_COMMON_BLOCKS = YES;
				GCC_OPTIMIZATION_LEVEL = 0;
				GCC_PREPROCESSOR_DEFINITIONS = (
					"DEBUG=1",
					"$(inherited)",
				);
				GCC_WARN_64_TO_32_BIT_CONVERSION = YES;
				GCC_WARN_ABOUT_RETURN_TYPE = YES_ERROR;
				GCC_WARN_UNDECLARED_SELECTOR = YES;
				GCC_WARN_UNINITIALIZED_AUTOS = YES_AGGRESSIVE;
				GCC_WARN_UNUSED_FUNCTION = YES;
				GCC_WARN_UNUSED_VARIABLE = YES;
				MACOSX_DEPLOYMENT_TARGET = 11.0;
				MTL_ENABLE_DEBUG_INFO = INCLUDE_SOURCE;
				MTL_FAST_MATH = YES;
				ONLY_ACTIVE_ARCH = YES;
				SDKROOT = macosx;
				SWIFT_ACTIVE_COMPILATION_CONDITIONS = DEBUG;
				SWIFT_OPTIMIZATION_LEVEL = "-Onone";
			};
			name = Debug;
		};
		0ED018322735AD3D00072589 /* Release */ = {
			isa = XCBuildConfiguration;
			buildSettings = {
				ALWAYS_SEARCH_USER_PATHS = NO;
				CLANG_ANALYZER_NONNULL = YES;
				CLANG_ANALYZER_NUMBER_OBJECT_CONVERSION = YES_AGGRESSIVE;
				CLANG_CXX_LANGUAGE_STANDARD = "gnu++17";
				CLANG_CXX_LIBRARY = "libc++";
				CLANG_ENABLE_MODULES = YES;
				CLANG_ENABLE_OBJC_ARC = YES;
				CLANG_ENABLE_OBJC_WEAK = YES;
				CLANG_WARN_BLOCK_CAPTURE_AUTORELEASING = YES;
				CLANG_WARN_BOOL_CONVERSION = YES;
				CLANG_WARN_COMMA = YES;
				CLANG_WARN_CONSTANT_CONVERSION = YES;
				CLANG_WARN_DEPRECATED_OBJC_IMPLEMENTATIONS = YES;
				CLANG_WARN_DIRECT_OBJC_ISA_USAGE = YES_ERROR;
				CLANG_WARN_DOCUMENTATION_COMMENTS = YES;
				CLANG_WARN_EMPTY_BODY = YES;
				CLANG_WARN_ENUM_CONVERSION = YES;
				CLANG_WARN_INFINITE_RECURSION = YES;
				CLANG_WARN_INT_CONVERSION = YES;
				CLANG_WARN_NON_LITERAL_NULL_CONVERSION = YES;
				CLANG_WARN_OBJC_IMPLICIT_RETAIN_SELF = YES;
				CLANG_WARN_OBJC_LITERAL_CONVERSION = YES;
				CLANG_WARN_OBJC_ROOT_CLASS = YES_ERROR;
				CLANG_WARN_QUOTED_INCLUDE_IN_FRAMEWORK_HEADER = YES;
				CLANG_WARN_RANGE_LOOP_ANALYSIS = YES;
				CLANG_WARN_STRICT_PROTOTYPES = YES;
				CLANG_WARN_SUSPICIOUS_MOVE = YES;
				CLANG_WARN_UNGUARDED_AVAILABILITY = YES_AGGRESSIVE;
				CLANG_WARN_UNREACHABLE_CODE = YES;
				CLANG_WARN__DUPLICATE_METHOD_MATCH = YES;
				COPY_PHASE_STRIP = NO;
				DEBUG_INFORMATION_FORMAT = "dwarf-with-dsym";
				ENABLE_NS_ASSERTIONS = NO;
				ENABLE_STRICT_OBJC_MSGSEND = YES;
				GCC_C_LANGUAGE_STANDARD = gnu11;
				GCC_NO_COMMON_BLOCKS = YES;
				GCC_WARN_64_TO_32_BIT_CONVERSION = YES;
				GCC_WARN_ABOUT_RETURN_TYPE = YES_ERROR;
				GCC_WARN_UNDECLARED_SELECTOR = YES;
				GCC_WARN_UNINITIALIZED_AUTOS = YES_AGGRESSIVE;
				GCC_WARN_UNUSED_FUNCTION = YES;
				GCC_WARN_UNUSED_VARIABLE = YES;
				MACOSX_DEPLOYMENT_TARGET = 11.0;
				MTL_ENABLE_DEBUG_INFO = NO;
				MTL_FAST_MATH = YES;
				SDKROOT = macosx;
				SWIFT_COMPILATION_MODE = wholemodule;
				SWIFT_OPTIMIZATION_LEVEL = "-O";
			};
			name = Release;
		};
		0ED018342735AD3D00072589 /* Debug */ = {
			isa = XCBuildConfiguration;
			buildSettings = {
				ASSETCATALOG_COMPILER_APPICON_NAME = AppIcon;
				ASSETCATALOG_COMPILER_GLOBAL_ACCENT_COLOR_NAME = AccentColor;
				CODE_SIGN_ENTITLEMENTS = Mergician/App/Mergician.entitlements;
				CODE_SIGN_IDENTITY = "Apple Development";
				CODE_SIGN_STYLE = Automatic;
				COMBINE_HIDPI_IMAGES = YES;
				CURRENT_PROJECT_VERSION = 1;
				DEVELOPMENT_ASSET_PATHS = "Mergician/Development Mergician/Development/Fixtures";
				DEVELOPMENT_TEAM = HKXMUS7LVK;
				ENABLE_HARDENED_RUNTIME = YES;
				ENABLE_PREVIEWS = YES;
				GENERATE_INFOPLIST_FILE = YES;
				INFOPLIST_KEY_NSHumanReadableCopyright = "";
				LD_RUNPATH_SEARCH_PATHS = (
					"$(inherited)",
					"@executable_path/../Frameworks",
				);
				MARKETING_VERSION = 1.0;
				PRODUCT_BUNDLE_IDENTIFIER = uk.co.squarefrog.Mergician;
				PRODUCT_NAME = "$(TARGET_NAME)";
				SWIFT_EMIT_LOC_STRINGS = YES;
				SWIFT_VERSION = 5.0;
			};
			name = Debug;
		};
		0ED018352735AD3D00072589 /* Release */ = {
			isa = XCBuildConfiguration;
			buildSettings = {
				ASSETCATALOG_COMPILER_APPICON_NAME = AppIcon;
				ASSETCATALOG_COMPILER_GLOBAL_ACCENT_COLOR_NAME = AccentColor;
				CODE_SIGN_ENTITLEMENTS = Mergician/App/Mergician.entitlements;
				CODE_SIGN_IDENTITY = "Apple Development";
				CODE_SIGN_STYLE = Automatic;
				COMBINE_HIDPI_IMAGES = YES;
				CURRENT_PROJECT_VERSION = 1;
				DEVELOPMENT_ASSET_PATHS = "Mergician/Development Mergician/Development/Fixtures";
				DEVELOPMENT_TEAM = HKXMUS7LVK;
				ENABLE_HARDENED_RUNTIME = YES;
				ENABLE_PREVIEWS = YES;
				GENERATE_INFOPLIST_FILE = YES;
				INFOPLIST_KEY_NSHumanReadableCopyright = "";
				LD_RUNPATH_SEARCH_PATHS = (
					"$(inherited)",
					"@executable_path/../Frameworks",
				);
				MARKETING_VERSION = 1.0;
				PRODUCT_BUNDLE_IDENTIFIER = uk.co.squarefrog.Mergician;
				PRODUCT_NAME = "$(TARGET_NAME)";
				SWIFT_EMIT_LOC_STRINGS = YES;
				SWIFT_VERSION = 5.0;
			};
			name = Release;
		};
		0ED018372735AD3D00072589 /* Debug */ = {
			isa = XCBuildConfiguration;
			buildSettings = {
				ALWAYS_EMBED_SWIFT_STANDARD_LIBRARIES = YES;
				BUNDLE_LOADER = "$(TEST_HOST)";
				CODE_SIGN_STYLE = Automatic;
				COMBINE_HIDPI_IMAGES = YES;
				CURRENT_PROJECT_VERSION = 1;
				DEVELOPMENT_TEAM = HKXMUS7LVK;
				GENERATE_INFOPLIST_FILE = YES;
				LD_RUNPATH_SEARCH_PATHS = (
					"$(inherited)",
					"@executable_path/../Frameworks",
					"@loader_path/../Frameworks",
				);
				MACOSX_DEPLOYMENT_TARGET = 12.0;
				MARKETING_VERSION = 1.0;
				PRODUCT_BUNDLE_IDENTIFIER = uk.co.squarefrog.MergicianTests;
				PRODUCT_NAME = "$(TARGET_NAME)";
				SWIFT_EMIT_LOC_STRINGS = NO;
				SWIFT_VERSION = 5.0;
				TEST_HOST = "$(BUILT_PRODUCTS_DIR)/Mergician.app/Contents/MacOS/Mergician";
			};
			name = Debug;
		};
		0ED018382735AD3D00072589 /* Release */ = {
			isa = XCBuildConfiguration;
			buildSettings = {
				ALWAYS_EMBED_SWIFT_STANDARD_LIBRARIES = YES;
				BUNDLE_LOADER = "$(TEST_HOST)";
				CODE_SIGN_STYLE = Automatic;
				COMBINE_HIDPI_IMAGES = YES;
				CURRENT_PROJECT_VERSION = 1;
				DEVELOPMENT_TEAM = HKXMUS7LVK;
				GENERATE_INFOPLIST_FILE = YES;
				LD_RUNPATH_SEARCH_PATHS = (
					"$(inherited)",
					"@executable_path/../Frameworks",
					"@loader_path/../Frameworks",
				);
				MACOSX_DEPLOYMENT_TARGET = 12.0;
				MARKETING_VERSION = 1.0;
				PRODUCT_BUNDLE_IDENTIFIER = uk.co.squarefrog.MergicianTests;
				PRODUCT_NAME = "$(TARGET_NAME)";
				SWIFT_EMIT_LOC_STRINGS = NO;
				SWIFT_VERSION = 5.0;
				TEST_HOST = "$(BUILT_PRODUCTS_DIR)/Mergician.app/Contents/MacOS/Mergician";
			};
			name = Release;
		};
/* End XCBuildConfiguration section */

/* Begin XCConfigurationList section */
		0ED018092735AD3D00072589 /* Build configuration list for PBXProject "Mergician" */ = {
			isa = XCConfigurationList;
			buildConfigurations = (
				0ED018312735AD3D00072589 /* Debug */,
				0ED018322735AD3D00072589 /* Release */,
			);
			defaultConfigurationIsVisible = 0;
			defaultConfigurationName = Release;
		};
		0ED018332735AD3D00072589 /* Build configuration list for PBXNativeTarget "Mergician" */ = {
			isa = XCConfigurationList;
			buildConfigurations = (
				0ED018342735AD3D00072589 /* Debug */,
				0ED018352735AD3D00072589 /* Release */,
			);
			defaultConfigurationIsVisible = 0;
			defaultConfigurationName = Release;
		};
		0ED018362735AD3D00072589 /* Build configuration list for PBXNativeTarget "MergicianTests" */ = {
			isa = XCConfigurationList;
			buildConfigurations = (
				0ED018372735AD3D00072589 /* Debug */,
				0ED018382735AD3D00072589 /* Release */,
			);
			defaultConfigurationIsVisible = 0;
			defaultConfigurationName = Release;
		};
/* End XCConfigurationList section */

/* Begin XCSwiftPackageProductDependency section */
		0ED0183F2735B13D00072589 /* GitLabAPI */ = {
			isa = XCSwiftPackageProductDependency;
			productName = GitLabAPI;
		};
/* End XCSwiftPackageProductDependency section */
	};
	rootObject = 0ED018062735AD3D00072589 /* Project object */;
}
